
Microsoft Visual Studio Solution File, Format Version 12.00
# Visual Studio Version 16
VisualStudioVersion = 16.0.29509.3
MinimumVisualStudioVersion = 10.0.40219.1
Project("{FAE04EC0-301F-11D3-BF4B-00C04F79EFBC}") = "PV2doParcial", "PV2doParcial.csproj", "{DD386C58-A1B0-43EC-B310-1F753516F43C}"
EndProject
Global
	GlobalSection(SolutionConfigurationPlatforms) = preSolution
		Debug|Any CPU = Debug|Any CPU
		Release|Any CPU = Release|Any CPU
	EndGlobalSection
	GlobalSection(ProjectConfigurationPlatforms) = postSolution
		{DD386C58-A1B0-43EC-B310-1F753516F43C}.Debug|Any CPU.ActiveCfg = Debug|Any CPU
		{DD386C58-A1B0-43EC-B310-1F753516F43C}.Debug|Any CPU.Build.0 = Debug|Any CPU
		{DD386C58-A1B0-43EC-B310-1F753516F43C}.Release|Any CPU.ActiveCfg = Release|Any CPU
		{DD386C58-A1B0-43EC-B310-1F753516F43C}.Release|Any CPU.Build.0 = Release|Any CPU
	EndGlobalSection
	GlobalSection(SolutionProperties) = preSolution
		HideSolutionNode = FALSE
	EndGlobalSection
	GlobalSection(ExtensibilityGlobals) = postSolution
		SolutionGuid = {6F98AD95-8A2B-48AE-B274-81DA31C3ACE7}
	EndGlobalSection
EndGlobal
